// !$*UTF8*$!
{
	archiveVersion = 1;
	classes = {
	};
	objectVersion = 46;
	objects = {

/* Begin PBXBuildFile section */
		45FC5AD51D8BD9B30013924E /* AppDelegate.swift in Sources */ = {isa = PBXBuildFile; fileRef = 45FC5AD41D8BD9B30013924E /* AppDelegate.swift */; };
		45FC5AD71D8BD9B30013924E /* ViewController.swift in Sources */ = {isa = PBXBuildFile; fileRef = 45FC5AD61D8BD9B30013924E /* ViewController.swift */; };
		45FC5ADA1D8BD9B30013924E /* Main.storyboard in Resources */ = {isa = PBXBuildFile; fileRef = 45FC5AD81D8BD9B30013924E /* Main.storyboard */; };
		45FC5ADC1D8BD9B30013924E /* Assets.xcassets in Resources */ = {isa = PBXBuildFile; fileRef = 45FC5ADB1D8BD9B30013924E /* Assets.xcassets */; };
		45FC5ADF1D8BD9B30013924E /* LaunchScreen.storyboard in Resources */ = {isa = PBXBuildFile; fileRef = 45FC5ADD1D8BD9B30013924E /* LaunchScreen.storyboard */; };
		45FC5AE71D8D18CE0013924E /* pokemon.csv in Resources */ = {isa = PBXBuildFile; fileRef = 45FC5AE61D8D18CE0013924E /* pokemon.csv */; };
/* End PBXBuildFile section */

/* Begin PBXFileReference section */
		45FC5AD11D8BD9B30013924E /* Pokedex.app */ = {isa = PBXFileReference; explicitFileType = wrapper.application; includeInIndex = 0; path = Pokedex.app; sourceTree = BUILT_PRODUCTS_DIR; };
		45FC5AD41D8BD9B30013924E /* AppDelegate.swift */ = {isa = PBXFileReference; lastKnownFileType = sourcecode.swift; path = AppDelegate.swift; sourceTree = "<group>"; };
		45FC5AD61D8BD9B30013924E /* ViewController.swift */ = {isa = PBXFileReference; lastKnownFileType = sourcecode.swift; path = ViewController.swift; sourceTree = "<group>"; };
		45FC5AD91D8BD9B30013924E /* Base */ = {isa = PBXFileReference; lastKnownFileType = file.storyboard; name = Base; path = Base.lproj/Main.storyboard; sourceTree = "<group>"; };
		45FC5ADB1D8BD9B30013924E /* Assets.xcassets */ = {isa = PBXFileReference; lastKnownFileType = folder.assetcatalog; path = Assets.xcassets; sourceTree = "<group>"; };
		45FC5ADE1D8BD9B30013924E /* Base */ = {isa = PBXFileReference; lastKnownFileType = file.storyboard; name = Base; path = Base.lproj/LaunchScreen.storyboard; sourceTree = "<group>"; };
		45FC5AE01D8BD9B30013924E /* Info.plist */ = {isa = PBXFileReference; lastKnownFileType = text.plist.xml; path = Info.plist; sourceTree = "<group>"; };
		45FC5AE61D8D18CE0013924E /* pokemon.csv */ = {isa = PBXFileReference; fileEncoding = 4; lastKnownFileType = text; path = pokemon.csv; sourceTree = "<group>"; };
/* End PBXFileReference section */

/* Begin PBXFrameworksBuildPhase section */
		45FC5ACE1D8BD9B30013924E /* Frameworks */ = {
			isa = PBXFrameworksBuildPhase;
			buildActionMask = 2147483647;
			files = (
			);
			runOnlyForDeploymentPostprocessing = 0;
		};
/* End PBXFrameworksBuildPhase section */

/* Begin PBXGroup section */
		45FC5AC81D8BD9B30013924E = {
			isa = PBXGroup;
			children = (
				45FC5AD31D8BD9B30013924E /* Pokedex */,
				45FC5AD21D8BD9B30013924E /* Products */,
			);
			sourceTree = "<group>";
		};
		45FC5AD21D8BD9B30013924E /* Products */ = {
			isa = PBXGroup;
			children = (
				45FC5AD11D8BD9B30013924E /* Pokedex.app */,
			);
			name = Products;
			sourceTree = "<group>";
		};
		45FC5AD31D8BD9B30013924E /* Pokedex */ = {
			isa = PBXGroup;
			children = (
				45FC5AD41D8BD9B30013924E /* AppDelegate.swift */,
				45FC5AD61D8BD9B30013924E /* ViewController.swift */,
				45FC5AD81D8BD9B30013924E /* Main.storyboard */,
				45FC5ADB1D8BD9B30013924E /* Assets.xcassets */,
				45FC5AE61D8D18CE0013924E /* pokemon.csv */,
				45FC5ADD1D8BD9B30013924E /* LaunchScreen.storyboard */,
				45FC5AE01D8BD9B30013924E /* Info.plist */,
			);
			path = Pokedex;
			sourceTree = "<group>";
		};
/* End PBXGroup section */

/* Begin PBXNativeTarget section */
		45FC5AD01D8BD9B30013924E /* Pokedex */ = {
			isa = PBXNativeTarget;
			buildConfigurationList = 45FC5AE31D8BD9B30013924E /* Build configuration list for PBXNativeTarget "Pokedex" */;
			buildPhases = (
				45FC5ACD1D8BD9B30013924E /* Sources */,
				45FC5ACE1D8BD9B30013924E /* Frameworks */,
				45FC5ACF1D8BD9B30013924E /* Resources */,
			);
			buildRules = (
			);
			dependencies = (
			);
			name = Pokedex;
			productName = Pokedex;
			productReference = 45FC5AD11D8BD9B30013924E /* Pokedex.app */;
			productType = "com.apple.product-type.application";
		};
/* End PBXNativeTarget section */

/* Begin PBXProject section */
		45FC5AC91D8BD9B30013924E /* Project object */ = {
			isa = PBXProject;
			attributes = {
				LastSwiftUpdateCheck = 0800;
				LastUpgradeCheck = 0800;
				ORGANIZATIONNAME = "Lars Björk";
				TargetAttributes = {
					45FC5AD01D8BD9B30013924E = {
						CreatedOnToolsVersion = 8.0;
						DevelopmentTeam = 5SR4A25VD2;
						ProvisioningStyle = Automatic;
					};
				};
			};
			buildConfigurationList = 45FC5ACC1D8BD9B30013924E /* Build configuration list for PBXProject "Pokedex" */;
			compatibilityVersion = "Xcode 3.2";
			developmentRegion = English;
			hasScannedForEncodings = 0;
			knownRegions = (
				en,
				Base,
			);
			mainGroup = 45FC5AC81D8BD9B30013924E;
			productRefGroup = 45FC5AD21D8BD9B30013924E /* Products */;
			projectDirPath = "";
			projectRoot = "";
			targets = (
				45FC5AD01D8BD9B30013924E /* Pokedex */,
			);
		};
/* End PBXProject section */

/* Begin PBXResourcesBuildPhase section */
		45FC5ACF1D8BD9B30013924E /* Resources */ = {
			isa = PBXResourcesBuildPhase;
			buildActionMask = 2147483647;
			files = (
				45FC5ADF1D8BD9B30013924E /* LaunchScreen.storyboard in Resources */,
				45FC5ADC1D8BD9B30013924E /* Assets.xcassets in Resources */,
				45FC5AE71D8D18CE0013924E /* pokemon.csv in Resources */,
				45FC5ADA1D8BD9B30013924E /* Main.storyboard in Resources */,
			);
			runOnlyForDeploymentPostprocessing = 0;
		};
/* End PBXResourcesBuildPhase section */

/* Begin PBXSourcesBuildPhase section */
		45FC5ACD1D8BD9B30013924E /* Sources */ = {
			isa = PBXSourcesBuildPhase;
			buildActionMask = 2147483647;
			files = (
				45FC5AD71D8BD9B30013924E /* ViewController.swift in Sources */,
				45FC5AD51D8BD9B30013924E /* AppDelegate.swift in Sources */,
			);
			runOnlyForDeploymentPostprocessing = 0;
		};
/* End PBXSourcesBuildPhase section */

/* Begin PBXVariantGroup section */
		45FC5AD81D8BD9B30013924E /* Main.storyboard */ = {
			isa = PBXVariantGroup;
			children = (
				45FC5AD91D8BD9B30013924E /* Base */,
			);
			name = Main.storyboard;
			sourceTree = "<group>";
		};
		45FC5ADD1D8BD9B30013924E /* LaunchScreen.storyboard */ = {
			isa = PBXVariantGroup;
			children = (
				45FC5ADE1D8BD9B30013924E /* Base */,
			);
			name = LaunchScreen.storyboard;
			sourceTree = "<group>";
		};
/* End PBXVariantGroup section */

/* Begin XCBuildConfiguration section */
		45FC5AE11D8BD9B30013924E /* Debug */ = {
			isa = XCBuildConfiguration;
			buildSettings = {
				ALWAYS_SEARCH_USER_PATHS = NO;
				CLANG_ANALYZER_NONNULL = YES;
				CLANG_CXX_LANGUAGE_STANDARD = "gnu++0x";
				CLANG_CXX_LIBRARY = "libc++";
				CLANG_ENABLE_MODULES = YES;
				CLANG_ENABLE_OBJC_ARC = YES;
				CLANG_WARN_BOOL_CONVERSION = YES;
				CLANG_WARN_CONSTANT_CONVERSION = YES;
				CLANG_WARN_DIRECT_OBJC_ISA_USAGE = YES_ERROR;
				CLANG_WARN_DOCUMENTATION_COMMENTS = YES;
				CLANG_WARN_EMPTY_BODY = YES;
				CLANG_WARN_ENUM_CONVERSION = YES;
				CLANG_WARN_INFINITE_RECURSION = YES;
				CLANG_WARN_INT_CONVERSION = YES;
				CLANG_WARN_OBJC_ROOT_CLASS = YES_ERROR;
				CLANG_WARN_SUSPICIOUS_MOVES = YES;
				CLANG_WARN_UNREACHABLE_CODE = YES;
				CLANG_WARN__DUPLICATE_METHOD_MATCH = YES;
				"CODE_SIGN_IDENTITY[sdk=iphoneos*]" = "iPhone Developer";
				COPY_PHASE_STRIP = NO;
				DEBUG_INFORMATION_FORMAT = dwarf;
				ENABLE_STRICT_OBJC_MSGSEND = YES;
				ENABLE_TESTABILITY = YES;
				GCC_C_LANGUAGE_STANDARD = gnu99;
				GCC_DYNAMIC_NO_PIC = NO;
				GCC_NO_COMMON_BLOCKS = YES;
				GCC_OPTIMIZATION_LEVEL = 0;
				GCC_PREPROCESSOR_DEFINITIONS = (
					"DEBUG=1",
					"$(inherited)",
				);
				GCC_WARN_64_TO_32_BIT_CONVERSION = YES;
				GCC_WARN_ABOUT_RETURN_TYPE = YES_ERROR;
				GCC_WARN_UNDECLARED_SELECTOR = YES;
				GCC_WARN_UNINITIALIZED_AUTOS = YES_AGGRESSIVE;
				GCC_WARN_UNUSED_FUNCTION = YES;
				GCC_WARN_UNUSED_VARIABLE = YES;
				IPHONEOS_DEPLOYMENT_TARGET = 10.0;
				MTL_ENABLE_DEBUG_INFO = YES;
				ONLY_ACTIVE_ARCH = YES;
				SDKROOT = iphoneos;
				SWIFT_ACTIVE_COMPILATION_CONDITIONS = DEBUG;
				SWIFT_OPTIMIZATION_LEVEL = "-Onone";
			};
			name = Debug;
		};
		45FC5AE21D8BD9B30013924E /* Release */ = {
			isa = XCBuildConfiguration;
			buildSettings = {
				ALWAYS_SEARCH_USER_PATHS = NO;
				CLANG_ANALYZER_NONNULL = YES;
				CLANG_CXX_LANGUAGE_STANDARD = "gnu++0x";
				CLANG_CXX_LIBRARY = "libc++";
				CLANG_ENABLE_MODULES = YES;
				CLANG_ENABLE_OBJC_ARC = YES;
				CLANG_WARN_BOOL_CONVERSION = YES;
				CLANG_WARN_CONSTANT_CONVERSION = YES;
				CLANG_WARN_DIRECT_OBJC_ISA_USAGE = YES_ERROR;
				CLANG_WARN_DOCUMENTATION_COMMENTS = YES;
				CLANG_WARN_EMPTY_BODY = YES;
				CLANG_WARN_ENUM_CONVERSION = YES;
				CLANG_WARN_INFINITE_RECURSION = YES;
				CLANG_WARN_INT_CONVERSION = YES;
				CLANG_WARN_OBJC_ROOT_CLASS = YES_ERROR;
				CLANG_WARN_SUSPICIOUS_MOVES = YES;
				CLANG_WARN_UNREACHABLE_CODE = YES;
				CLANG_WARN__DUPLICATE_METHOD_MATCH = YES;
				"CODE_SIGN_IDENTITY[sdk=iphoneos*]" = "iPhone Developer";
				COPY_PHASE_STRIP = NO;
				DEBUG_INFORMATION_FORMAT = "dwarf-with-dsym";
				ENABLE_NS_ASSERTIONS = NO;
				ENABLE_STRICT_OBJC_MSGSEND = YES;
				GCC_C_LANGUAGE_STANDARD = gnu99;
				GCC_NO_COMMON_BLOCKS = YES;
				GCC_WARN_64_TO_32_BIT_CONVERSION = YES;
				GCC_WARN_ABOUT_RETURN_TYPE = YES_ERROR;
				GCC_WARN_UNDECLARED_SELECTOR = YES;
				GCC_WARN_UNINITIALIZED_AUTOS = YES_AGGRESSIVE;
				GCC_WARN_UNUSED_FUNCTION = YES;
				GCC_WARN_UNUSED_VARIABLE = YES;
				IPHONEOS_DEPLOYMENT_TARGET = 10.0;
				MTL_ENABLE_DEBUG_INFO = NO;
				SDKROOT = iphoneos;
				SWIFT_OPTIMIZATION_LEVEL = "-Owholemodule";
				VALIDATE_PRODUCT = YES;
			};
			name = Release;
		};
		45FC5AE41D8BD9B30013924E /* Debug */ = {
			isa = XCBuildConfiguration;
			buildSettings = {
				ASSETCATALOG_COMPILER_APPICON_NAME = AppIcon;
				DEVELOPMENT_TEAM = 5SR4A25VD2;
				INFOPLIST_FILE = Pokedex/Info.plist;
				LD_RUNPATH_SEARCH_PATHS = "$(inherited) @executable_path/Frameworks";
				PRODUCT_BUNDLE_IDENTIFIER = bjork.lars.Pokedex;
				PRODUCT_NAME = "$(TARGET_NAME)";
				SWIFT_VERSION = 3.0;
			};
			name = Debug;
		};
		45FC5AE51D8BD9B30013924E /* Release */ = {
			isa = XCBuildConfiguration;
			buildSettings = {
				ASSETCATALOG_COMPILER_APPICON_NAME = AppIcon;
				DEVELOPMENT_TEAM = 5SR4A25VD2;
				INFOPLIST_FILE = Pokedex/Info.plist;
				LD_RUNPATH_SEARCH_PATHS = "$(inherited) @executable_path/Frameworks";
				PRODUCT_BUNDLE_IDENTIFIER = bjork.lars.Pokedex;
				PRODUCT_NAME = "$(TARGET_NAME)";
				SWIFT_VERSION = 3.0;
			};
			name = Release;
		};
/* End XCBuildConfiguration section */

/* Begin XCConfigurationList section */
		45FC5ACC1D8BD9B30013924E /* Build configuration list for PBXProject "Pokedex" */ = {
			isa = XCConfigurationList;
			buildConfigurations = (
				45FC5AE11D8BD9B30013924E /* Debug */,
				45FC5AE21D8BD9B30013924E /* Release */,
			);
			defaultConfigurationIsVisible = 0;
			defaultConfigurationName = Release;
		};
		45FC5AE31D8BD9B30013924E /* Build configuration list for PBXNativeTarget "Pokedex" */ = {
			isa = XCConfigurationList;
			buildConfigurations = (
				45FC5AE41D8BD9B30013924E /* Debug */,
				45FC5AE51D8BD9B30013924E /* Release */,
			);
			defaultConfigurationIsVisible = 0;
			defaultConfigurationName = Release;
		};
/* End XCConfigurationList section */
	};
	rootObject = 45FC5AC91D8BD9B30013924E /* Project object */;
}
